
Microsoft Visual Studio Solution File, Format Version 12.00
# Visual Studio Version 17
VisualStudioVersion = 17.5.002.0
MinimumVisualStudioVersion = 10.0.40219.1
Project("{9A19103F-16F7-4668-BE54-9A1E7A4F7556}") = "BackEnd.Api", "BackEnd.Api.csproj", "{6B691A38-69DC-4184-9EDC-31B8CC84C0FF}"
EndProject
Global
	GlobalSection(SolutionConfigurationPlatforms) = preSolution
		Debug|Any CPU = Debug|Any CPU
		Release|Any CPU = Release|Any CPU
	EndGlobalSection
	GlobalSection(ProjectConfigurationPlatforms) = postSolution
		{6B691A38-69DC-4184-9EDC-31B8CC84C0FF}.Debug|Any CPU.ActiveCfg = Debug|Any CPU
		{6B691A38-69DC-4184-9EDC-31B8CC84C0FF}.Debug|Any CPU.Build.0 = Debug|Any CPU
		{6B691A38-69DC-4184-9EDC-31B8CC84C0FF}.Release|Any CPU.ActiveCfg = Release|Any CPU
		{6B691A38-69DC-4184-9EDC-31B8CC84C0FF}.Release|Any CPU.Build.0 = Release|Any CPU
	EndGlobalSection
	GlobalSection(SolutionProperties) = preSolution
		HideSolutionNode = FALSE
	EndGlobalSection
	GlobalSection(ExtensibilityGlobals) = postSolution
		SolutionGuid = {ECB91E0D-DFE7-458D-9EB4-097EB0710A60}
	EndGlobalSection
EndGlobal
